
Microsoft Visual Studio Solution File, Format Version 12.00
# Visual Studio Version 17
VisualStudioVersion = 17.14.36310.24 d17.14
MinimumVisualStudioVersion = 10.0.40219.1
Project("{FAE04EC0-301F-11D3-BF4B-00C04F79EFBC}") = "MyFirstApi", "MyFirstApi.csproj", "{C80B1589-75AE-4691-ADE8-39C3F15C746C}"
EndProject
Global
	GlobalSection(SolutionConfigurationPlatforms) = preSolution
		Debug|Any CPU = Debug|Any CPU
		Release|Any CPU = Release|Any CPU
	EndGlobalSection
	GlobalSection(ProjectConfigurationPlatforms) = postSolution
		{C80B1589-75AE-4691-ADE8-39C3F15C746C}.Debug|Any CPU.ActiveCfg = Debug|Any CPU
		{C80B1589-75AE-4691-ADE8-39C3F15C746C}.Debug|Any CPU.Build.0 = Debug|Any CPU
		{C80B1589-75AE-4691-ADE8-39C3F15C746C}.Release|Any CPU.ActiveCfg = Release|Any CPU
		{C80B1589-75AE-4691-ADE8-39C3F15C746C}.Release|Any CPU.Build.0 = Release|Any CPU
	EndGlobalSection
	GlobalSection(SolutionProperties) = preSolution
		HideSolutionNode = FALSE
	EndGlobalSection
	GlobalSection(ExtensibilityGlobals) = postSolution
		SolutionGuid = {64CDDB83-F2FD-4BA6-98A3-BD96EE56E162}
	EndGlobalSection
EndGlobal
